// !$*UTF8*$!
{
	archiveVersion = 1;
	classes = {
	};
	objectVersion = 46;
	objects = {

/* Begin PBXBuildFile section */
		BDC01EB01CACB20C00489936 /* main.m in Sources */ = {isa = PBXBuildFile; fileRef = BDC01EAF1CACB20C00489936 /* main.m */; };
		BDC01EB31CACB20C00489936 /* AppDelegate.m in Sources */ = {isa = PBXBuildFile; fileRef = BDC01EB21CACB20C00489936 /* AppDelegate.m */; };
		BDC01EB61CACB20C00489936 /* ViewController.m in Sources */ = {isa = PBXBuildFile; fileRef = BDC01EB51CACB20C00489936 /* ViewController.m */; };
		BDC01EB91CACB20C00489936 /* Main.storyboard in Resources */ = {isa = PBXBuildFile; fileRef = BDC01EB71CACB20C00489936 /* Main.storyboard */; };
		BDC01EBB1CACB20C00489936 /* Assets.xcassets in Resources */ = {isa = PBXBuildFile; fileRef = BDC01EBA1CACB20C00489936 /* Assets.xcassets */; };
		BDC01EBE1CACB20C00489936 /* LaunchScreen.storyboard in Resources */ = {isa = PBXBuildFile; fileRef = BDC01EBC1CACB20C00489936 /* LaunchScreen.storyboard */; };
/* End PBXBuildFile section */

/* Begin PBXFileReference section */
		BDC01EAB1CACB20B00489936 /* KeyFrameAnimation.app */ = {isa = PBXFileReference; explicitFileType = wrapper.application; includeInIndex = 0; path = KeyFrameAnimation.app; sourceTree = BUILT_PRODUCTS_DIR; };
		BDC01EAF1CACB20C00489936 /* main.m */ = {isa = PBXFileReference; lastKnownFileType = sourcecode.c.objc; path = main.m; sourceTree = "<group>"; };
		BDC01EB11CACB20C00489936 /* AppDelegate.h */ = {isa = PBXFileReference; lastKnownFileType = sourcecode.c.h; path = AppDelegate.h; sourceTree = "<group>"; };
		BDC01EB21CACB20C00489936 /* AppDelegate.m */ = {isa = PBXFileReference; lastKnownFileType = sourcecode.c.objc; path = AppDelegate.m; sourceTree = "<group>"; };
		BDC01EB41CACB20C00489936 /* ViewController.h */ = {isa = PBXFileReference; lastKnownFileType = sourcecode.c.h; path = ViewController.h; sourceTree = "<group>"; };
		BDC01EB51CACB20C00489936 /* ViewController.m */ = {isa = PBXFileReference; lastKnownFileType = sourcecode.c.objc; path = ViewController.m; sourceTree = "<group>"; };
		BDC01EB81CACB20C00489936 /* Base */ = {isa = PBXFileReference; lastKnownFileType = file.storyboard; name = Base; path = Base.lproj/Main.storyboard; sourceTree = "<group>"; };
		BDC01EBA1CACB20C00489936 /* Assets.xcassets */ = {isa = PBXFileReference; lastKnownFileType = folder.assetcatalog; path = Assets.xcassets; sourceTree = "<group>"; };
		BDC01EBD1CACB20C00489936 /* Base */ = {isa = PBXFileReference; lastKnownFileType = file.storyboard; name = Base; path = Base.lproj/LaunchScreen.storyboard; sourceTree = "<group>"; };
		BDC01EBF1CACB20C00489936 /* Info.plist */ = {isa = PBXFileReference; lastKnownFileType = text.plist.xml; path = Info.plist; sourceTree = "<group>"; };
/* End PBXFileReference section */

/* Begin PBXFrameworksBuildPhase section */
		BDC01EA81CACB20B00489936 /* Frameworks */ = {
			isa = PBXFrameworksBuildPhase;
			buildActionMask = 2147483647;
			files = (
			);
			runOnlyForDeploymentPostprocessing = 0;
		};
/* End PBXFrameworksBuildPhase section */

/* Begin PBXGroup section */
		BDC01EA21CACB20B00489936 = {
			isa = PBXGroup;
			children = (
				BDC01EAD1CACB20C00489936 /* KeyFrameAnimation */,
				BDC01EAC1CACB20B00489936 /* Products */,
			);
			sourceTree = "<group>";
		};
		BDC01EAC1CACB20B00489936 /* Products */ = {
			isa = PBXGroup;
			children = (
				BDC01EAB1CACB20B00489936 /* KeyFrameAnimation.app */,
			);
			name = Products;
			sourceTree = "<group>";
		};
		BDC01EAD1CACB20C00489936 /* KeyFrameAnimation */ = {
			isa = PBXGroup;
			children = (
				BDC01EB11CACB20C00489936 /* AppDelegate.h */,
				BDC01EB21CACB20C00489936 /* AppDelegate.m */,
				BDC01EB41CACB20C00489936 /* ViewController.h */,
				BDC01EB51CACB20C00489936 /* ViewController.m */,
				BDC01EB71CACB20C00489936 /* Main.storyboard */,
				BDC01EBA1CACB20C00489936 /* Assets.xcassets */,
				BDC01EBC1CACB20C00489936 /* LaunchScreen.storyboard */,
				BDC01EBF1CACB20C00489936 /* Info.plist */,
				BDC01EAE1CACB20C00489936 /* Supporting Files */,
			);
			path = KeyFrameAnimation;
			sourceTree = "<group>";
		};
		BDC01EAE1CACB20C00489936 /* Supporting Files */ = {
			isa = PBXGroup;
			children = (
				BDC01EAF1CACB20C00489936 /* main.m */,
			);
			name = "Supporting Files";
			sourceTree = "<group>";
		};
/* End PBXGroup section */

/* Begin PBXNativeTarget section */
		BDC01EAA1CACB20B00489936 /* KeyFrameAnimation */ = {
			isa = PBXNativeTarget;
			buildConfigurationList = BDC01EC21CACB20C00489936 /* Build configuration list for PBXNativeTarget "KeyFrameAnimation" */;
			buildPhases = (
				BDC01EA71CACB20B00489936 /* Sources */,
				BDC01EA81CACB20B00489936 /* Frameworks */,
				BDC01EA91CACB20B00489936 /* Resources */,
			);
			buildRules = (
			);
			dependencies = (
			);
			name = KeyFrameAnimation;
			productName = KeyFrameAnimation;
			productReference = BDC01EAB1CACB20B00489936 /* KeyFrameAnimation.app */;
			productType = "com.apple.product-type.application";
		};
/* End PBXNativeTarget section */

/* Begin PBXProject section */
		BDC01EA31CACB20B00489936 /* Project object */ = {
			isa = PBXProject;
			attributes = {
				LastUpgradeCheck = 0730;
				ORGANIZATIONNAME = ORCHAN;
				TargetAttributes = {
					BDC01EAA1CACB20B00489936 = {
						CreatedOnToolsVersion = 7.3;
					};
				};
			};
			buildConfigurationList = BDC01EA61CACB20B00489936 /* Build configuration list for PBXProject "KeyFrameAnimation" */;
			compatibilityVersion = "Xcode 3.2";
			developmentRegion = English;
			hasScannedForEncodings = 0;
			knownRegions = (
				en,
				Base,
			);
			mainGroup = BDC01EA21CACB20B00489936;
			productRefGroup = BDC01EAC1CACB20B00489936 /* Products */;
			projectDirPath = "";
			projectRoot = "";
			targets = (
				BDC01EAA1CACB20B00489936 /* KeyFrameAnimation */,
			);
		};
/* End PBXProject section */

/* Begin PBXResourcesBuildPhase section */
		BDC01EA91CACB20B00489936 /* Resources */ = {
			isa = PBXResourcesBuildPhase;
			buildActionMask = 2147483647;
			files = (
				BDC01EBE1CACB20C00489936 /* LaunchScreen.storyboard in Resources */,
				BDC01EBB1CACB20C00489936 /* Assets.xcassets in Resources */,
				BDC01EB91CACB20C00489936 /* Main.storyboard in Resources */,
			);
			runOnlyForDeploymentPostprocessing = 0;
		};
/* End PBXResourcesBuildPhase section */

/* Begin PBXSourcesBuildPhase section */
		BDC01EA71CACB20B00489936 /* Sources */ = {
			isa = PBXSourcesBuildPhase;
			buildActionMask = 2147483647;
			files = (
				BDC01EB61CACB20C00489936 /* ViewController.m in Sources */,
				BDC01EB31CACB20C00489936 /* AppDelegate.m in Sources */,
				BDC01EB01CACB20C00489936 /* main.m in Sources */,
			);
			runOnlyForDeploymentPostprocessing = 0;
		};
/* End PBXSourcesBuildPhase section */

/* Begin PBXVariantGroup section */
		BDC01EB71CACB20C00489936 /* Main.storyboard */ = {
			isa = PBXVariantGroup;
			children = (
				BDC01EB81CACB20C00489936 /* Base */,
			);
			name = Main.storyboard;
			sourceTree = "<group>";
		};
		BDC01EBC1CACB20C00489936 /* LaunchScreen.storyboard */ = {
			isa = PBXVariantGroup;
			children = (
				BDC01EBD1CACB20C00489936 /* Base */,
			);
			name = LaunchScreen.storyboard;
			sourceTree = "<group>";
		};
/* End PBXVariantGroup section */

/* Begin XCBuildConfiguration section */
		BDC01EC01CACB20C00489936 /* Debug */ = {
			isa = XCBuildConfiguration;
			buildSettings = {
				ALWAYS_SEARCH_USER_PATHS = NO;
				CLANG_ANALYZER_NONNULL = YES;
				CLANG_CXX_LANGUAGE_STANDARD = "gnu++0x";
				CLANG_CXX_LIBRARY = "libc++";
				CLANG_ENABLE_MODULES = YES;
				CLANG_ENABLE_OBJC_ARC = YES;
				CLANG_WARN_BOOL_CONVERSION = YES;
				CLANG_WARN_CONSTANT_CONVERSION = YES;
				CLANG_WARN_DIRECT_OBJC_ISA_USAGE = YES_ERROR;
				CLANG_WARN_EMPTY_BODY = YES;
				CLANG_WARN_ENUM_CONVERSION = YES;
				CLANG_WARN_INT_CONVERSION = YES;
				CLANG_WARN_OBJC_ROOT_CLASS = YES_ERROR;
				CLANG_WARN_UNREACHABLE_CODE = YES;
				CLANG_WARN__DUPLICATE_METHOD_MATCH = YES;
				"CODE_SIGN_IDENTITY[sdk=iphoneos*]" = "iPhone Developer";
				COPY_PHASE_STRIP = NO;
				DEBUG_INFORMATION_FORMAT = dwarf;
				ENABLE_STRICT_OBJC_MSGSEND = YES;
				ENABLE_TESTABILITY = YES;
				GCC_C_LANGUAGE_STANDARD = gnu99;
				GCC_DYNAMIC_NO_PIC = NO;
				GCC_NO_COMMON_BLOCKS = YES;
				GCC_OPTIMIZATION_LEVEL = 0;
				GCC_PREPROCESSOR_DEFINITIONS = (
					"DEBUG=1",
					"$(inherited)",
				);
				GCC_WARN_64_TO_32_BIT_CONVERSION = YES;
				GCC_WARN_ABOUT_RETURN_TYPE = YES_ERROR;
				GCC_WARN_UNDECLARED_SELECTOR = YES;
				GCC_WARN_UNINITIALIZED_AUTOS = YES_AGGRESSIVE;
				GCC_WARN_UNUSED_FUNCTION = YES;
				GCC_WARN_UNUSED_VARIABLE = YES;
				IPHONEOS_DEPLOYMENT_TARGET = 9.3;
				MTL_ENABLE_DEBUG_INFO = YES;
				ONLY_ACTIVE_ARCH = YES;
				SDKROOT = iphoneos;
			};
			name = Debug;
		};
		BDC01EC11CACB20C00489936 /* Release */ = {
			isa = XCBuildConfiguration;
			buildSettings = {
				ALWAYS_SEARCH_USER_PATHS = NO;
				CLANG_ANALYZER_NONNULL = YES;
				CLANG_CXX_LANGUAGE_STANDARD = "gnu++0x";
				CLANG_CXX_LIBRARY = "libc++";
				CLANG_ENABLE_MODULES = YES;
				CLANG_ENABLE_OBJC_ARC = YES;
				CLANG_WARN_BOOL_CONVERSION = YES;
				CLANG_WARN_CONSTANT_CONVERSION = YES;
				CLANG_WARN_DIRECT_OBJC_ISA_USAGE = YES_ERROR;
				CLANG_WARN_EMPTY_BODY = YES;
				CLANG_WARN_ENUM_CONVERSION = YES;
				CLANG_WARN_INT_CONVERSION = YES;
				CLANG_WARN_OBJC_ROOT_CLASS = YES_ERROR;
				CLANG_WARN_UNREACHABLE_CODE = YES;
				CLANG_WARN__DUPLICATE_METHOD_MATCH = YES;
				"CODE_SIGN_IDENTITY[sdk=iphoneos*]" = "iPhone Developer";
				COPY_PHASE_STRIP = NO;
				DEBUG_INFORMATION_FORMAT = "dwarf-with-dsym";
				ENABLE_NS_ASSERTIONS = NO;
				ENABLE_STRICT_OBJC_MSGSEND = YES;
				GCC_C_LANGUAGE_STANDARD = gnu99;
				GCC_NO_COMMON_BLOCKS = YES;
				GCC_WARN_64_TO_32_BIT_CONVERSION = YES;
				GCC_WARN_ABOUT_RETURN_TYPE = YES_ERROR;
				GCC_WARN_UNDECLARED_SELECTOR = YES;
				GCC_WARN_UNINITIALIZED_AUTOS = YES_AGGRESSIVE;
				GCC_WARN_UNUSED_FUNCTION = YES;
				GCC_WARN_UNUSED_VARIABLE = YES;
				IPHONEOS_DEPLOYMENT_TARGET = 9.3;
				MTL_ENABLE_DEBUG_INFO = NO;
				SDKROOT = iphoneos;
				VALIDATE_PRODUCT = YES;
			};
			name = Release;
		};
		BDC01EC31CACB20C00489936 /* Debug */ = {
			isa = XCBuildConfiguration;
			buildSettings = {
				ASSETCATALOG_COMPILER_APPICON_NAME = AppIcon;
				INFOPLIST_FILE = KeyFrameAnimation/Info.plist;
				LD_RUNPATH_SEARCH_PATHS = "$(inherited) @executable_path/Frameworks";
				PRODUCT_BUNDLE_IDENTIFIER = info.orchan.KeyFrameAnimation;
				PRODUCT_NAME = "$(TARGET_NAME)";
			};
			name = Debug;
		};
		BDC01EC41CACB20C00489936 /* Release */ = {
			isa = XCBuildConfiguration;
			buildSettings = {
				ASSETCATALOG_COMPILER_APPICON_NAME = AppIcon;
				INFOPLIST_FILE = KeyFrameAnimation/Info.plist;
				LD_RUNPATH_SEARCH_PATHS = "$(inherited) @executable_path/Frameworks";
				PRODUCT_BUNDLE_IDENTIFIER = info.orchan.KeyFrameAnimation;
				PRODUCT_NAME = "$(TARGET_NAME)";
			};
			name = Release;
		};
/* End XCBuildConfiguration section */

/* Begin XCConfigurationList section */
		BDC01EA61CACB20B00489936 /* Build configuration list for PBXProject "KeyFrameAnimation" */ = {
			isa = XCConfigurationList;
			buildConfigurations = (
				BDC01EC01CACB20C00489936 /* Debug */,
				BDC01EC11CACB20C00489936 /* Release */,
			);
			defaultConfigurationIsVisible = 0;
			defaultConfigurationName = Release;
		};
		BDC01EC21CACB20C00489936 /* Build configuration list for PBXNativeTarget "KeyFrameAnimation" */ = {
			isa = XCConfigurationList;
			buildConfigurations = (
				BDC01EC31CACB20C00489936 /* Debug */,
				BDC01EC41CACB20C00489936 /* Release */,
			);
			defaultConfigurationIsVisible = 0;
		};
/* End XCConfigurationList section */
	};
	rootObject = BDC01EA31CACB20B00489936 /* Project object */;
}
